
Microsoft Visual Studio Solution File, Format Version 12.00
Project("{FAE04EC0-301F-11D3-BF4B-00C04F79EFBC}") = "Algorightms", "Algorightms\Algorightms.csproj", "{FBB390C7-1AEE-4853-9DB7-23F6C35CD55B}"
EndProject
Project("{FAE04EC0-301F-11D3-BF4B-00C04F79EFBC}") = "TwoSum", "TwoSum\TwoSum.csproj", "{01360077-0CC6-46EF-ACCF-0B7A325DF2B0}"
EndProject
Project("{FAE04EC0-301F-11D3-BF4B-00C04F79EFBC}") = "Tests", "Tests\Tests.csproj", "{D99532C4-0730-4150-BB39-5E844DA32464}"
EndProject
Project("{FAE04EC0-301F-11D3-BF4B-00C04F79EFBC}") = "ThreeSum", "ThreeSum\ThreeSum.csproj", "{53221B1B-E26D-4E43-93C4-9B84E32377A9}"
EndProject
Project("{FAE04EC0-301F-11D3-BF4B-00C04F79EFBC}") = "RightSideOfTree", "RightSideOfTree\RightSideOfTree.csproj", "{EAFAE93A-E94D-4AAF-BE8A-9B044549F326}"
EndProject
Global
	GlobalSection(SolutionConfigurationPlatforms) = preSolution
		Debug|Any CPU = Debug|Any CPU
		Release|Any CPU = Release|Any CPU
	EndGlobalSection
	GlobalSection(ProjectConfigurationPlatforms) = postSolution
		{FBB390C7-1AEE-4853-9DB7-23F6C35CD55B}.Debug|Any CPU.ActiveCfg = Debug|Any CPU
		{FBB390C7-1AEE-4853-9DB7-23F6C35CD55B}.Debug|Any CPU.Build.0 = Debug|Any CPU
		{FBB390C7-1AEE-4853-9DB7-23F6C35CD55B}.Release|Any CPU.ActiveCfg = Release|Any CPU
		{FBB390C7-1AEE-4853-9DB7-23F6C35CD55B}.Release|Any CPU.Build.0 = Release|Any CPU
		{01360077-0CC6-46EF-ACCF-0B7A325DF2B0}.Debug|Any CPU.ActiveCfg = Debug|Any CPU
		{01360077-0CC6-46EF-ACCF-0B7A325DF2B0}.Debug|Any CPU.Build.0 = Debug|Any CPU
		{01360077-0CC6-46EF-ACCF-0B7A325DF2B0}.Release|Any CPU.ActiveCfg = Release|Any CPU
		{01360077-0CC6-46EF-ACCF-0B7A325DF2B0}.Release|Any CPU.Build.0 = Release|Any CPU
		{D99532C4-0730-4150-BB39-5E844DA32464}.Debug|Any CPU.ActiveCfg = Debug|Any CPU
		{D99532C4-0730-4150-BB39-5E844DA32464}.Debug|Any CPU.Build.0 = Debug|Any CPU
		{D99532C4-0730-4150-BB39-5E844DA32464}.Release|Any CPU.ActiveCfg = Release|Any CPU
		{D99532C4-0730-4150-BB39-5E844DA32464}.Release|Any CPU.Build.0 = Release|Any CPU
		{53221B1B-E26D-4E43-93C4-9B84E32377A9}.Debug|Any CPU.ActiveCfg = Debug|Any CPU
		{53221B1B-E26D-4E43-93C4-9B84E32377A9}.Debug|Any CPU.Build.0 = Debug|Any CPU
		{53221B1B-E26D-4E43-93C4-9B84E32377A9}.Release|Any CPU.ActiveCfg = Release|Any CPU
		{53221B1B-E26D-4E43-93C4-9B84E32377A9}.Release|Any CPU.Build.0 = Release|Any CPU
		{EAFAE93A-E94D-4AAF-BE8A-9B044549F326}.Debug|Any CPU.ActiveCfg = Debug|Any CPU
		{EAFAE93A-E94D-4AAF-BE8A-9B044549F326}.Debug|Any CPU.Build.0 = Debug|Any CPU
		{EAFAE93A-E94D-4AAF-BE8A-9B044549F326}.Release|Any CPU.ActiveCfg = Release|Any CPU
		{EAFAE93A-E94D-4AAF-BE8A-9B044549F326}.Release|Any CPU.Build.0 = Release|Any CPU
	EndGlobalSection
EndGlobal
